
Microsoft Visual Studio Solution File, Format Version 12.00
# Visual Studio Version 17
VisualStudioVersion = 17.14.36616.10
MinimumVisualStudioVersion = 10.0.40219.1
Project("{2150E333-8FDC-42A3-9474-1A3956D46DE8}") = "src", "src", "{02EA681E-C7D8-13C7-8484-4AC65E1B71E8}"
EndProject
Project("{FAE04EC0-301F-11D3-BF4B-00C04F79EFBC}") = "TMS.ApiGateway", "src\TMS.ApiGateway\TMS.ApiGateway.csproj", "{AE739BC2-6428-4FD5-93CE-2AF26286D322}"
EndProject
Project("{2150E333-8FDC-42A3-9474-1A3956D46DE8}") = "Solution Items", "Solution Items", "{8EC462FD-D22E-90A8-E5CE-7E832BA40C5D}"
	ProjectSection(SolutionItems) = preProject
		.env = .env
		.env.example = .env.example
		Directory.Packages.props = Directory.Packages.props
		prometheus.yml = prometheus.yml
		README.md = README.md
	EndProjectSection
EndProject
Project("{FAE04EC0-301F-11D3-BF4B-00C04F79EFBC}") = "TMS.AuthService", "src\TMS.AuthService\TMS.AuthService.csproj", "{CBB32D30-D026-4320-B112-317C594228BD}"
EndProject
Project("{FAE04EC0-301F-11D3-BF4B-00C04F79EFBC}") = "TMS.TaskService", "src\TMS.TaskService\TMS.TaskService.csproj", "{F5124FFA-3835-4C16-A482-D0F0D5ECD1FE}"
EndProject
Project("{FAE04EC0-301F-11D3-BF4B-00C04F79EFBC}") = "TMS.NotificationService", "src\TMS.NotificationService\TMS.NotificationService.csproj", "{F75326AA-2E17-4384-BE64-C9C891FDFB0C}"
EndProject
Project("{FAE04EC0-301F-11D3-BF4B-00C04F79EFBC}") = "TMS.FileStorageService", "src\TMS.FileStorageService\TMS.FileStorageService.csproj", "{79C881B1-9641-4A9D-951B-6EDCE1F4C2DA}"
EndProject
Project("{E53339B2-1760-4266-BCC7-CA923CBCF16C}") = "docker-compose", "docker-compose.dcproj", "{81DDED9D-158B-E303-5F62-77A2896D2A5A}"
EndProject
Project("{FAE04EC0-301F-11D3-BF4B-00C04F79EFBC}") = "TMS.Common", "src\TMS.Common\TMS.Common.csproj", "{AF6EECFE-C34D-4E65-B990-737AD7450B44}"
EndProject
Project("{2150E333-8FDC-42A3-9474-1A3956D46DE8}") = "tests", "tests", "{3EA661EC-FA61-4DF5-91F3-4EC0CA2C5E07}"
EndProject
Project("{2150E333-8FDC-42A3-9474-1A3956D46DE8}") = "docs", "docs", "{5551609D-7793-4CA6-9C38-06340AA23746}"
EndProject
Project("{2150E333-8FDC-42A3-9474-1A3956D46DE8}") = "scripts", "scripts", "{807D6757-EA51-4E38-8024-5F6DED2D9A54}"
	ProjectSection(SolutionItems) = preProject
		scripts\build.bat = scripts\build.bat
		scripts\build&run.bat = scripts\build&run.bat
		scripts\setup-entrypoint.sh = scripts\setup-entrypoint.sh
	EndProjectSection
EndProject
Project("{FAE04EC0-301F-11D3-BF4B-00C04F79EFBC}") = "TMS.ApiGateway.Tests", "tests\TMS.ApiGateway.Tests\TMS.ApiGateway.Tests.csproj", "{04CD3C4B-E6B4-48C8-9EA2-16BD6A8AFEBE}"
EndProject
Project("{FAE04EC0-301F-11D3-BF4B-00C04F79EFBC}") = "TMS.AuthService.Tests", "tests\TMS.AuthService.Tests\TMS.AuthService.Tests.csproj", "{40631D45-9A58-46E6-924B-34BBC059D454}"
EndProject
Project("{FAE04EC0-301F-11D3-BF4B-00C04F79EFBC}") = "TMS.Common.Tests", "tests\TMS.Common.Tests\TMS.Common.Tests.csproj", "{22C15DBB-4631-4441-96FF-A6718199AA00}"
EndProject
Project("{FAE04EC0-301F-11D3-BF4B-00C04F79EFBC}") = "TMS.FileStorageService.Tests", "tests\TMS.FileStorageService.Tests\TMS.FileStorageService.Tests.csproj", "{40395B64-E310-4468-9C1E-FF6171DCE8BD}"
EndProject
Project("{FAE04EC0-301F-11D3-BF4B-00C04F79EFBC}") = "TMS.NotificationService.Tests", "tests\TMS.NotificationService.Tests\TMS.NotificationService.Tests.csproj", "{524C5A56-A624-49A1-A169-01E5FA846E9D}"
EndProject
Project("{FAE04EC0-301F-11D3-BF4B-00C04F79EFBC}") = "TMS.TaskService.Tests", "tests\TMS.TaskService.Tests\TMS.TaskService.Tests.csproj", "{6DF9E880-1583-45BB-8448-E5A51AA4EA86}"
EndProject
Project("{FAE04EC0-301F-11D3-BF4B-00C04F79EFBC}") = "TMS.Contracts", "src\TMS.Contracts\TMS.Contracts.csproj", "{212AE22D-BE6A-4727-AA67-B3810D26BC22}"
EndProject
Global
	GlobalSection(SolutionConfigurationPlatforms) = preSolution
		Debug|Any CPU = Debug|Any CPU
		Release|Any CPU = Release|Any CPU
	EndGlobalSection
	GlobalSection(ProjectConfigurationPlatforms) = postSolution
		{AE739BC2-6428-4FD5-93CE-2AF26286D322}.Debug|Any CPU.ActiveCfg = Debug|Any CPU
		{AE739BC2-6428-4FD5-93CE-2AF26286D322}.Debug|Any CPU.Build.0 = Debug|Any CPU
		{AE739BC2-6428-4FD5-93CE-2AF26286D322}.Release|Any CPU.ActiveCfg = Release|Any CPU
		{AE739BC2-6428-4FD5-93CE-2AF26286D322}.Release|Any CPU.Build.0 = Release|Any CPU
		{CBB32D30-D026-4320-B112-317C594228BD}.Debug|Any CPU.ActiveCfg = Debug|Any CPU
		{CBB32D30-D026-4320-B112-317C594228BD}.Debug|Any CPU.Build.0 = Debug|Any CPU
		{CBB32D30-D026-4320-B112-317C594228BD}.Release|Any CPU.ActiveCfg = Release|Any CPU
		{CBB32D30-D026-4320-B112-317C594228BD}.Release|Any CPU.Build.0 = Release|Any CPU
		{F5124FFA-3835-4C16-A482-D0F0D5ECD1FE}.Debug|Any CPU.ActiveCfg = Debug|Any CPU
		{F5124FFA-3835-4C16-A482-D0F0D5ECD1FE}.Debug|Any CPU.Build.0 = Debug|Any CPU
		{F5124FFA-3835-4C16-A482-D0F0D5ECD1FE}.Release|Any CPU.ActiveCfg = Release|Any CPU
		{F5124FFA-3835-4C16-A482-D0F0D5ECD1FE}.Release|Any CPU.Build.0 = Release|Any CPU
		{F75326AA-2E17-4384-BE64-C9C891FDFB0C}.Debug|Any CPU.ActiveCfg = Debug|Any CPU
		{F75326AA-2E17-4384-BE64-C9C891FDFB0C}.Debug|Any CPU.Build.0 = Debug|Any CPU
		{F75326AA-2E17-4384-BE64-C9C891FDFB0C}.Release|Any CPU.ActiveCfg = Release|Any CPU
		{F75326AA-2E17-4384-BE64-C9C891FDFB0C}.Release|Any CPU.Build.0 = Release|Any CPU
		{79C881B1-9641-4A9D-951B-6EDCE1F4C2DA}.Debug|Any CPU.ActiveCfg = Debug|Any CPU
		{79C881B1-9641-4A9D-951B-6EDCE1F4C2DA}.Debug|Any CPU.Build.0 = Debug|Any CPU
		{79C881B1-9641-4A9D-951B-6EDCE1F4C2DA}.Release|Any CPU.ActiveCfg = Release|Any CPU
		{79C881B1-9641-4A9D-951B-6EDCE1F4C2DA}.Release|Any CPU.Build.0 = Release|Any CPU
		{81DDED9D-158B-E303-5F62-77A2896D2A5A}.Debug|Any CPU.ActiveCfg = Debug|Any CPU
		{81DDED9D-158B-E303-5F62-77A2896D2A5A}.Debug|Any CPU.Build.0 = Debug|Any CPU
		{81DDED9D-158B-E303-5F62-77A2896D2A5A}.Release|Any CPU.ActiveCfg = Release|Any CPU
		{81DDED9D-158B-E303-5F62-77A2896D2A5A}.Release|Any CPU.Build.0 = Release|Any CPU
		{AF6EECFE-C34D-4E65-B990-737AD7450B44}.Debug|Any CPU.ActiveCfg = Debug|Any CPU
		{AF6EECFE-C34D-4E65-B990-737AD7450B44}.Debug|Any CPU.Build.0 = Debug|Any CPU
		{AF6EECFE-C34D-4E65-B990-737AD7450B44}.Release|Any CPU.ActiveCfg = Release|Any CPU
		{AF6EECFE-C34D-4E65-B990-737AD7450B44}.Release|Any CPU.Build.0 = Release|Any CPU
		{04CD3C4B-E6B4-48C8-9EA2-16BD6A8AFEBE}.Debug|Any CPU.ActiveCfg = Debug|Any CPU
		{04CD3C4B-E6B4-48C8-9EA2-16BD6A8AFEBE}.Debug|Any CPU.Build.0 = Debug|Any CPU
		{04CD3C4B-E6B4-48C8-9EA2-16BD6A8AFEBE}.Release|Any CPU.ActiveCfg = Release|Any CPU
		{04CD3C4B-E6B4-48C8-9EA2-16BD6A8AFEBE}.Release|Any CPU.Build.0 = Release|Any CPU
		{40631D45-9A58-46E6-924B-34BBC059D454}.Debug|Any CPU.ActiveCfg = Debug|Any CPU
		{40631D45-9A58-46E6-924B-34BBC059D454}.Debug|Any CPU.Build.0 = Debug|Any CPU
		{40631D45-9A58-46E6-924B-34BBC059D454}.Release|Any CPU.ActiveCfg = Release|Any CPU
		{40631D45-9A58-46E6-924B-34BBC059D454}.Release|Any CPU.Build.0 = Release|Any CPU
		{22C15DBB-4631-4441-96FF-A6718199AA00}.Debug|Any CPU.ActiveCfg = Debug|Any CPU
		{22C15DBB-4631-4441-96FF-A6718199AA00}.Debug|Any CPU.Build.0 = Debug|Any CPU
		{22C15DBB-4631-4441-96FF-A6718199AA00}.Release|Any CPU.ActiveCfg = Release|Any CPU
		{22C15DBB-4631-4441-96FF-A6718199AA00}.Release|Any CPU.Build.0 = Release|Any CPU
		{40395B64-E310-4468-9C1E-FF6171DCE8BD}.Debug|Any CPU.ActiveCfg = Debug|Any CPU
		{40395B64-E310-4468-9C1E-FF6171DCE8BD}.Debug|Any CPU.Build.0 = Debug|Any CPU
		{40395B64-E310-4468-9C1E-FF6171DCE8BD}.Release|Any CPU.ActiveCfg = Release|Any CPU
		{40395B64-E310-4468-9C1E-FF6171DCE8BD}.Release|Any CPU.Build.0 = Release|Any CPU
		{524C5A56-A624-49A1-A169-01E5FA846E9D}.Debug|Any CPU.ActiveCfg = Debug|Any CPU
		{524C5A56-A624-49A1-A169-01E5FA846E9D}.Debug|Any CPU.Build.0 = Debug|Any CPU
		{524C5A56-A624-49A1-A169-01E5FA846E9D}.Release|Any CPU.ActiveCfg = Release|Any CPU
		{524C5A56-A624-49A1-A169-01E5FA846E9D}.Release|Any CPU.Build.0 = Release|Any CPU
		{6DF9E880-1583-45BB-8448-E5A51AA4EA86}.Debug|Any CPU.ActiveCfg = Debug|Any CPU
		{6DF9E880-1583-45BB-8448-E5A51AA4EA86}.Debug|Any CPU.Build.0 = Debug|Any CPU
		{6DF9E880-1583-45BB-8448-E5A51AA4EA86}.Release|Any CPU.ActiveCfg = Release|Any CPU
		{6DF9E880-1583-45BB-8448-E5A51AA4EA86}.Release|Any CPU.Build.0 = Release|Any CPU
		{212AE22D-BE6A-4727-AA67-B3810D26BC22}.Debug|Any CPU.ActiveCfg = Debug|Any CPU
		{212AE22D-BE6A-4727-AA67-B3810D26BC22}.Debug|Any CPU.Build.0 = Debug|Any CPU
		{212AE22D-BE6A-4727-AA67-B3810D26BC22}.Release|Any CPU.ActiveCfg = Release|Any CPU
		{212AE22D-BE6A-4727-AA67-B3810D26BC22}.Release|Any CPU.Build.0 = Release|Any CPU
	EndGlobalSection
	GlobalSection(SolutionProperties) = preSolution
		HideSolutionNode = FALSE
	EndGlobalSection
	GlobalSection(NestedProjects) = preSolution
		{AE739BC2-6428-4FD5-93CE-2AF26286D322} = {02EA681E-C7D8-13C7-8484-4AC65E1B71E8}
		{CBB32D30-D026-4320-B112-317C594228BD} = {02EA681E-C7D8-13C7-8484-4AC65E1B71E8}
		{F5124FFA-3835-4C16-A482-D0F0D5ECD1FE} = {02EA681E-C7D8-13C7-8484-4AC65E1B71E8}
		{F75326AA-2E17-4384-BE64-C9C891FDFB0C} = {02EA681E-C7D8-13C7-8484-4AC65E1B71E8}
		{79C881B1-9641-4A9D-951B-6EDCE1F4C2DA} = {02EA681E-C7D8-13C7-8484-4AC65E1B71E8}
		{AF6EECFE-C34D-4E65-B990-737AD7450B44} = {02EA681E-C7D8-13C7-8484-4AC65E1B71E8}
		{04CD3C4B-E6B4-48C8-9EA2-16BD6A8AFEBE} = {3EA661EC-FA61-4DF5-91F3-4EC0CA2C5E07}
		{40631D45-9A58-46E6-924B-34BBC059D454} = {3EA661EC-FA61-4DF5-91F3-4EC0CA2C5E07}
		{22C15DBB-4631-4441-96FF-A6718199AA00} = {3EA661EC-FA61-4DF5-91F3-4EC0CA2C5E07}
		{40395B64-E310-4468-9C1E-FF6171DCE8BD} = {3EA661EC-FA61-4DF5-91F3-4EC0CA2C5E07}
		{524C5A56-A624-49A1-A169-01E5FA846E9D} = {3EA661EC-FA61-4DF5-91F3-4EC0CA2C5E07}
		{6DF9E880-1583-45BB-8448-E5A51AA4EA86} = {3EA661EC-FA61-4DF5-91F3-4EC0CA2C5E07}
		{212AE22D-BE6A-4727-AA67-B3810D26BC22} = {02EA681E-C7D8-13C7-8484-4AC65E1B71E8}
	EndGlobalSection
	GlobalSection(ExtensibilityGlobals) = postSolution
		SolutionGuid = {4DA832A0-8076-4498-A734-E6A406EDFCEE}
	EndGlobalSection
EndGlobal
